
Microsoft Visual Studio Solution File, Format Version 12.00
# Visual Studio 2013
VisualStudioVersion = 12.0.31101.0
MinimumVisualStudioVersion = 10.0.40219.1
Project("{FAE04EC0-301F-11D3-BF4B-00C04F79EFBC}") = "San.Web.DynamicSection", "San.Web.DynamicSection\San.Web.DynamicSection.csproj", "{EDF364C5-6769-4B74-8E5C-E215EF9A6D49}"
EndProject
Project("{2150E333-8FDC-42A3-9474-1A3956D46DE8}") = ".nuget", ".nuget", "{7D9B6FC4-73F1-487D-A00C-D5295794B677}"
	ProjectSection(SolutionItems) = preProject
		.nuget\NuGet.Config = .nuget\NuGet.Config
		.nuget\NuGet.exe = .nuget\NuGet.exe
		.nuget\NuGet.targets = .nuget\NuGet.targets
	EndProjectSection
EndProject
Project("{FAE04EC0-301F-11D3-BF4B-00C04F79EFBC}") = "San.Web.DynamicSection.Test", "San.Web.DynamicSection.Test\San.Web.DynamicSection.Test.csproj", "{FD2E47DC-36B6-4981-BF4A-8F615AF57B6C}"
EndProject
Global
	GlobalSection(SolutionConfigurationPlatforms) = preSolution
		Debug|Any CPU = Debug|Any CPU
		Release|Any CPU = Release|Any CPU
	EndGlobalSection
	GlobalSection(ProjectConfigurationPlatforms) = postSolution
		{EDF364C5-6769-4B74-8E5C-E215EF9A6D49}.Debug|Any CPU.ActiveCfg = Debug|Any CPU
		{EDF364C5-6769-4B74-8E5C-E215EF9A6D49}.Debug|Any CPU.Build.0 = Debug|Any CPU
		{EDF364C5-6769-4B74-8E5C-E215EF9A6D49}.Release|Any CPU.ActiveCfg = Release|Any CPU
		{EDF364C5-6769-4B74-8E5C-E215EF9A6D49}.Release|Any CPU.Build.0 = Release|Any CPU
		{FD2E47DC-36B6-4981-BF4A-8F615AF57B6C}.Debug|Any CPU.ActiveCfg = Debug|Any CPU
		{FD2E47DC-36B6-4981-BF4A-8F615AF57B6C}.Debug|Any CPU.Build.0 = Debug|Any CPU
		{FD2E47DC-36B6-4981-BF4A-8F615AF57B6C}.Release|Any CPU.ActiveCfg = Release|Any CPU
		{FD2E47DC-36B6-4981-BF4A-8F615AF57B6C}.Release|Any CPU.Build.0 = Release|Any CPU
	EndGlobalSection
	GlobalSection(SolutionProperties) = preSolution
		HideSolutionNode = FALSE
	EndGlobalSection
EndGlobal
